PODS:
  - Localize-Swift (3.1.0)
  - SwiftEventBus (5.0.0)
  - Toaster (2.3.0)

DEPENDENCIES:
  - Localize-Swift (= 3.1.0)
  - SwiftEventBus (= 5.0.0)
  - Toaster

SPEC REPOS:
  trunk:
    - Localize-Swift
    - SwiftEventBus
    - Toaster

SPEC CHECKSUMS:
  Localize-Swift: 4bed4f0ccac8be2ec3517ee359da80ba2adb0fae
  SwiftEventBus: b30f617a6aca5a9336464b4d3f5931034762f2d5
  Toaster: c3473963c78e8cabbf6ea6f11ad0fdaae6f54987

PODFILE CHECKSUM: fa257175ea4e67ccdb8284818c3df3d266d39259

COCOAPODS: 1.11.3
